
Microsoft Visual Studio Solution File, Format Version 12.00
# Visual Studio Version 17
VisualStudioVersion = 17.0.31903.59
MinimumVisualStudioVersion = 10.0.40219.1
Project("{FAE04EC0-301F-11D3-BF4B-00C04F79EFBC}") = "LibraryAPI", "LibraryAPI\LibraryAPI.csproj", "{CA7D6DAE-34F8-4FB6-AAAD-863DEA3F2DDF}"
EndProject
Global
	GlobalSection(SolutionConfigurationPlatforms) = preSolution
		Debug|Any CPU = Debug|Any CPU
		Release|Any CPU = Release|Any CPU
	EndGlobalSection
	GlobalSection(SolutionProperties) = preSolution
		HideSolutionNode = FALSE
	EndGlobalSection
	GlobalSection(ProjectConfigurationPlatforms) = postSolution
		{CA7D6DAE-34F8-4FB6-AAAD-863DEA3F2DDF}.Debug|Any CPU.ActiveCfg = Debug|Any CPU
		{CA7D6DAE-34F8-4FB6-AAAD-863DEA3F2DDF}.Debug|Any CPU.Build.0 = Debug|Any CPU
		{CA7D6DAE-34F8-4FB6-AAAD-863DEA3F2DDF}.Release|Any CPU.ActiveCfg = Release|Any CPU
		{CA7D6DAE-34F8-4FB6-AAAD-863DEA3F2DDF}.Release|Any CPU.Build.0 = Release|Any CPU
	EndGlobalSection
EndGlobal
